// !$*UTF8*$!
{
	archiveVersion = 1;
	classes = {
	};
	objectVersion = 50;
	objects = {

/* Begin PBXBuildFile section */
		4724637F21E593B60091068F /* AppDelegate.swift in Sources */ = {isa = PBXBuildFile; fileRef = 4724637E21E593B60091068F /* AppDelegate.swift */; };
		4724638121E593B60091068F /* ViewController.swift in Sources */ = {isa = PBXBuildFile; fileRef = 4724638021E593B60091068F /* ViewController.swift */; };
		4724638421E593B60091068F /* Main.storyboard in Resources */ = {isa = PBXBuildFile; fileRef = 4724638221E593B60091068F /* Main.storyboard */; };
		4724638621E593B90091068F /* Assets.xcassets in Resources */ = {isa = PBXBuildFile; fileRef = 4724638521E593B90091068F /* Assets.xcassets */; };
		4724638921E593B90091068F /* LaunchScreen.storyboard in Resources */ = {isa = PBXBuildFile; fileRef = 4724638721E593B90091068F /* LaunchScreen.storyboard */; };
		4724639121E593C90091068F /* girl.png in Resources */ = {isa = PBXBuildFile; fileRef = 4724639021E593C80091068F /* girl.png */; };
		4724639321E599F40091068F /* ExpandCell.swift in Sources */ = {isa = PBXBuildFile; fileRef = 4724639221E599F40091068F /* ExpandCell.swift */; };
		47BF681821F04C17006B2D30 /* icon_play@3x.png in Resources */ = {isa = PBXBuildFile; fileRef = 47BF681721F04C17006B2D30 /* icon_play@3x.png */; };
/* End PBXBuildFile section */

/* Begin PBXFileReference section */
		4724637B21E593B60091068F /* Expand_Cell.app */ = {isa = PBXFileReference; explicitFileType = wrapper.application; includeInIndex = 0; path = Expand_Cell.app; sourceTree = BUILT_PRODUCTS_DIR; };
		4724637E21E593B60091068F /* AppDelegate.swift */ = {isa = PBXFileReference; lastKnownFileType = sourcecode.swift; path = AppDelegate.swift; sourceTree = "<group>"; };
		4724638021E593B60091068F /* ViewController.swift */ = {isa = PBXFileReference; lastKnownFileType = sourcecode.swift; path = ViewController.swift; sourceTree = "<group>"; };
		4724638321E593B60091068F /* Base */ = {isa = PBXFileReference; lastKnownFileType = file.storyboard; name = Base; path = Base.lproj/Main.storyboard; sourceTree = "<group>"; };
		4724638521E593B90091068F /* Assets.xcassets */ = {isa = PBXFileReference; lastKnownFileType = folder.assetcatalog; path = Assets.xcassets; sourceTree = "<group>"; };
		4724638821E593B90091068F /* Base */ = {isa = PBXFileReference; lastKnownFileType = file.storyboard; name = Base; path = Base.lproj/LaunchScreen.storyboard; sourceTree = "<group>"; };
		4724638A21E593B90091068F /* Info.plist */ = {isa = PBXFileReference; lastKnownFileType = text.plist.xml; path = Info.plist; sourceTree = "<group>"; };
		4724639021E593C80091068F /* girl.png */ = {isa = PBXFileReference; lastKnownFileType = image.png; name = girl.png; path = "../../../../../Desktop/레이아웃강의_이미지/girl.png"; sourceTree = "<group>"; };
		4724639221E599F40091068F /* ExpandCell.swift */ = {isa = PBXFileReference; lastKnownFileType = sourcecode.swift; path = ExpandCell.swift; sourceTree = "<group>"; };
		47BF681721F04C17006B2D30 /* icon_play@3x.png */ = {isa = PBXFileReference; lastKnownFileType = image.png; name = "icon_play@3x.png"; path = "../../../../../Desktop/레이아웃강의_이미지/icon_play@3x.png"; sourceTree = "<group>"; };
/* End PBXFileReference section */

/* Begin PBXFrameworksBuildPhase section */
		4724637821E593B60091068F /* Frameworks */ = {
			isa = PBXFrameworksBuildPhase;
			buildActionMask = 2147483647;
			files = (
			);
			runOnlyForDeploymentPostprocessing = 0;
		};
/* End PBXFrameworksBuildPhase section */

/* Begin PBXGroup section */
		4724637221E593B60091068F = {
			isa = PBXGroup;
			children = (
				4724637D21E593B60091068F /* Expand_Cell */,
				4724637C21E593B60091068F /* Products */,
			);
			sourceTree = "<group>";
		};
		4724637C21E593B60091068F /* Products */ = {
			isa = PBXGroup;
			children = (
				4724637B21E593B60091068F /* Expand_Cell.app */,
			);
			name = Products;
			sourceTree = "<group>";
		};
		4724637D21E593B60091068F /* Expand_Cell */ = {
			isa = PBXGroup;
			children = (
				4724637E21E593B60091068F /* AppDelegate.swift */,
				4724638021E593B60091068F /* ViewController.swift */,
				4724639221E599F40091068F /* ExpandCell.swift */,
				4724638221E593B60091068F /* Main.storyboard */,
				4724638521E593B90091068F /* Assets.xcassets */,
				4724639021E593C80091068F /* girl.png */,
				47BF681721F04C17006B2D30 /* icon_play@3x.png */,
				4724638721E593B90091068F /* LaunchScreen.storyboard */,
				4724638A21E593B90091068F /* Info.plist */,
			);
			path = Expand_Cell;
			sourceTree = "<group>";
		};
/* End PBXGroup section */

/* Begin PBXNativeTarget section */
		4724637A21E593B60091068F /* Expand_Cell */ = {
			isa = PBXNativeTarget;
			buildConfigurationList = 4724638D21E593B90091068F /* Build configuration list for PBXNativeTarget "Expand_Cell" */;
			buildPhases = (
				4724637721E593B60091068F /* Sources */,
				4724637821E593B60091068F /* Frameworks */,
				4724637921E593B60091068F /* Resources */,
			);
			buildRules = (
			);
			dependencies = (
			);
			name = Expand_Cell;
			productName = Expand_Cell;
			productReference = 4724637B21E593B60091068F /* Expand_Cell.app */;
			productType = "com.apple.product-type.application";
		};
/* End PBXNativeTarget section */

/* Begin PBXProject section */
		4724637321E593B60091068F /* Project object */ = {
			isa = PBXProject;
			attributes = {
				LastSwiftUpdateCheck = 1010;
				LastUpgradeCheck = 1010;
				ORGANIZATIONNAME = "흠냐방구";
				TargetAttributes = {
					4724637A21E593B60091068F = {
						CreatedOnToolsVersion = 10.1;
					};
				};
			};
			buildConfigurationList = 4724637621E593B60091068F /* Build configuration list for PBXProject "Expand_Cell" */;
			compatibilityVersion = "Xcode 9.3";
			developmentRegion = en;
			hasScannedForEncodings = 0;
			knownRegions = (
				en,
				Base,
			);
			mainGroup = 4724637221E593B60091068F;
			productRefGroup = 4724637C21E593B60091068F /* Products */;
			projectDirPath = "";
			projectRoot = "";
			targets = (
				4724637A21E593B60091068F /* Expand_Cell */,
			);
		};
/* End PBXProject section */

/* Begin PBXResourcesBuildPhase section */
		4724637921E593B60091068F /* Resources */ = {
			isa = PBXResourcesBuildPhase;
			buildActionMask = 2147483647;
			files = (
				4724638921E593B90091068F /* LaunchScreen.storyboard in Resources */,
				4724639121E593C90091068F /* girl.png in Resources */,
				4724638621E593B90091068F /* Assets.xcassets in Resources */,
				47BF681821F04C17006B2D30 /* icon_play@3x.png in Resources */,
				4724638421E593B60091068F /* Main.storyboard in Resources */,
			);
			runOnlyForDeploymentPostprocessing = 0;
		};
/* End PBXResourcesBuildPhase section */

/* Begin PBXSourcesBuildPhase section */
		4724637721E593B60091068F /* Sources */ = {
			isa = PBXSourcesBuildPhase;
			buildActionMask = 2147483647;
			files = (
				4724638121E593B60091068F /* ViewController.swift in Sources */,
				4724637F21E593B60091068F /* AppDelegate.swift in Sources */,
				4724639321E599F40091068F /* ExpandCell.swift in Sources */,
			);
			runOnlyForDeploymentPostprocessing = 0;
		};
/* End PBXSourcesBuildPhase section */

/* Begin PBXVariantGroup section */
		4724638221E593B60091068F /* Main.storyboard */ = {
			isa = PBXVariantGroup;
			children = (
				4724638321E593B60091068F /* Base */,
			);
			name = Main.storyboard;
			sourceTree = "<group>";
		};
		4724638721E593B90091068F /* LaunchScreen.storyboard */ = {
			isa = PBXVariantGroup;
			children = (
				4724638821E593B90091068F /* Base */,
			);
			name = LaunchScreen.storyboard;
			sourceTree = "<group>";
		};
/* End PBXVariantGroup section */

/* Begin XCBuildConfiguration section */
		4724638B21E593B90091068F /* Debug */ = {
			isa = XCBuildConfiguration;
			buildSettings = {
				ALWAYS_SEARCH_USER_PATHS = NO;
				CLANG_ANALYZER_NONNULL = YES;
				CLANG_ANALYZER_NUMBER_OBJECT_CONVERSION = YES_AGGRESSIVE;
				CLANG_CXX_LANGUAGE_STANDARD = "gnu++14";
				CLANG_CXX_LIBRARY = "libc++";
				CLANG_ENABLE_MODULES = YES;
				CLANG_ENABLE_OBJC_ARC = YES;
				CLANG_ENABLE_OBJC_WEAK = YES;
				CLANG_WARN_BLOCK_CAPTURE_AUTORELEASING = YES;
				CLANG_WARN_BOOL_CONVERSION = YES;
				CLANG_WARN_COMMA = YES;
				CLANG_WARN_CONSTANT_CONVERSION = YES;
				CLANG_WARN_DEPRECATED_OBJC_IMPLEMENTATIONS = YES;
				CLANG_WARN_DIRECT_OBJC_ISA_USAGE = YES_ERROR;
				CLANG_WARN_DOCUMENTATION_COMMENTS = YES;
				CLANG_WARN_EMPTY_BODY = YES;
				CLANG_WARN_ENUM_CONVERSION = YES;
				CLANG_WARN_INFINITE_RECURSION = YES;
				CLANG_WARN_INT_CONVERSION = YES;
				CLANG_WARN_NON_LITERAL_NULL_CONVERSION = YES;
				CLANG_WARN_OBJC_IMPLICIT_RETAIN_SELF = YES;
				CLANG_WARN_OBJC_LITERAL_CONVERSION = YES;
				CLANG_WARN_OBJC_ROOT_CLASS = YES_ERROR;
				CLANG_WARN_RANGE_LOOP_ANALYSIS = YES;
				CLANG_WARN_STRICT_PROTOTYPES = YES;
				CLANG_WARN_SUSPICIOUS_MOVE = YES;
				CLANG_WARN_UNGUARDED_AVAILABILITY = YES_AGGRESSIVE;
				CLANG_WARN_UNREACHABLE_CODE = YES;
				CLANG_WARN__DUPLICATE_METHOD_MATCH = YES;
				CODE_SIGN_IDENTITY = "iPhone Developer";
				COPY_PHASE_STRIP = NO;
				DEBUG_INFORMATION_FORMAT = dwarf;
				ENABLE_STRICT_OBJC_MSGSEND = YES;
				ENABLE_TESTABILITY = YES;
				GCC_C_LANGUAGE_STANDARD = gnu11;
				GCC_DYNAMIC_NO_PIC = NO;
				GCC_NO_COMMON_BLOCKS = YES;
				GCC_OPTIMIZATION_LEVEL = 0;
				GCC_PREPROCESSOR_DEFINITIONS = (
					"DEBUG=1",
					"$(inherited)",
				);
				GCC_WARN_64_TO_32_BIT_CONVERSION = YES;
				GCC_WARN_ABOUT_RETURN_TYPE = YES_ERROR;
				GCC_WARN_UNDECLARED_SELECTOR = YES;
				GCC_WARN_UNINITIALIZED_AUTOS = YES_AGGRESSIVE;
				GCC_WARN_UNUSED_FUNCTION = YES;
				GCC_WARN_UNUSED_VARIABLE = YES;
				IPHONEOS_DEPLOYMENT_TARGET = 12.1;
				MTL_ENABLE_DEBUG_INFO = INCLUDE_SOURCE;
				MTL_FAST_MATH = YES;
				ONLY_ACTIVE_ARCH = YES;
				SDKROOT = iphoneos;
				SWIFT_ACTIVE_COMPILATION_CONDITIONS = DEBUG;
				SWIFT_OPTIMIZATION_LEVEL = "-Onone";
			};
			name = Debug;
		};
		4724638C21E593B90091068F /* Release */ = {
			isa = XCBuildConfiguration;
			buildSettings = {
				ALWAYS_SEARCH_USER_PATHS = NO;
				CLANG_ANALYZER_NONNULL = YES;
				CLANG_ANALYZER_NUMBER_OBJECT_CONVERSION = YES_AGGRESSIVE;
				CLANG_CXX_LANGUAGE_STANDARD = "gnu++14";
				CLANG_CXX_LIBRARY = "libc++";
				CLANG_ENABLE_MODULES = YES;
				CLANG_ENABLE_OBJC_ARC = YES;
				CLANG_ENABLE_OBJC_WEAK = YES;
				CLANG_WARN_BLOCK_CAPTURE_AUTORELEASING = YES;
				CLANG_WARN_BOOL_CONVERSION = YES;
				CLANG_WARN_COMMA = YES;
				CLANG_WARN_CONSTANT_CONVERSION = YES;
				CLANG_WARN_DEPRECATED_OBJC_IMPLEMENTATIONS = YES;
				CLANG_WARN_DIRECT_OBJC_ISA_USAGE = YES_ERROR;
				CLANG_WARN_DOCUMENTATION_COMMENTS = YES;
				CLANG_WARN_EMPTY_BODY = YES;
				CLANG_WARN_ENUM_CONVERSION = YES;
				CLANG_WARN_INFINITE_RECURSION = YES;
				CLANG_WARN_INT_CONVERSION = YES;
				CLANG_WARN_NON_LITERAL_NULL_CONVERSION = YES;
				CLANG_WARN_OBJC_IMPLICIT_RETAIN_SELF = YES;
				CLANG_WARN_OBJC_LITERAL_CONVERSION = YES;
				CLANG_WARN_OBJC_ROOT_CLASS = YES_ERROR;
				CLANG_WARN_RANGE_LOOP_ANALYSIS = YES;
				CLANG_WARN_STRICT_PROTOTYPES = YES;
				CLANG_WARN_SUSPICIOUS_MOVE = YES;
				CLANG_WARN_UNGUARDED_AVAILABILITY = YES_AGGRESSIVE;
				CLANG_WARN_UNREACHABLE_CODE = YES;
				CLANG_WARN__DUPLICATE_METHOD_MATCH = YES;
				CODE_SIGN_IDENTITY = "iPhone Developer";
				COPY_PHASE_STRIP = NO;
				DEBUG_INFORMATION_FORMAT = "dwarf-with-dsym";
				ENABLE_NS_ASSERTIONS = NO;
				ENABLE_STRICT_OBJC_MSGSEND = YES;
				GCC_C_LANGUAGE_STANDARD = gnu11;
				GCC_NO_COMMON_BLOCKS = YES;
				GCC_WARN_64_TO_32_BIT_CONVERSION = YES;
				GCC_WARN_ABOUT_RETURN_TYPE = YES_ERROR;
				GCC_WARN_UNDECLARED_SELECTOR = YES;
				GCC_WARN_UNINITIALIZED_AUTOS = YES_AGGRESSIVE;
				GCC_WARN_UNUSED_FUNCTION = YES;
				GCC_WARN_UNUSED_VARIABLE = YES;
				IPHONEOS_DEPLOYMENT_TARGET = 12.1;
				MTL_ENABLE_DEBUG_INFO = NO;
				MTL_FAST_MATH = YES;
				SDKROOT = iphoneos;
				SWIFT_COMPILATION_MODE = wholemodule;
				SWIFT_OPTIMIZATION_LEVEL = "-O";
				VALIDATE_PRODUCT = YES;
			};
			name = Release;
		};
		4724638E21E593B90091068F /* Debug */ = {
			isa = XCBuildConfiguration;
			buildSettings = {
				ASSETCATALOG_COMPILER_APPICON_NAME = AppIcon;
				CODE_SIGN_STYLE = Automatic;
				DEVELOPMENT_TEAM = K97249KR63;
				INFOPLIST_FILE = Expand_Cell/Info.plist;
				LD_RUNPATH_SEARCH_PATHS = (
					"$(inherited)",
					"@executable_path/Frameworks",
				);
				PRODUCT_BUNDLE_IDENTIFIER = "bnkim.Expand-Cell";
				PRODUCT_NAME = "$(TARGET_NAME)";
				SWIFT_VERSION = 4.2;
				TARGETED_DEVICE_FAMILY = "1,2";
			};
			name = Debug;
		};
		4724638F21E593B90091068F /* Release */ = {
			isa = XCBuildConfiguration;
			buildSettings = {
				ASSETCATALOG_COMPILER_APPICON_NAME = AppIcon;
				CODE_SIGN_STYLE = Automatic;
				DEVELOPMENT_TEAM = K97249KR63;
				INFOPLIST_FILE = Expand_Cell/Info.plist;
				LD_RUNPATH_SEARCH_PATHS = (
					"$(inherited)",
					"@executable_path/Frameworks",
				);
				PRODUCT_BUNDLE_IDENTIFIER = "bnkim.Expand-Cell";
				PRODUCT_NAME = "$(TARGET_NAME)";
				SWIFT_VERSION = 4.2;
				TARGETED_DEVICE_FAMILY = "1,2";
			};
			name = Release;
		};
/* End XCBuildConfiguration section */

/* Begin XCConfigurationList section */
		4724637621E593B60091068F /* Build configuration list for PBXProject "Expand_Cell" */ = {
			isa = XCConfigurationList;
			buildConfigurations = (
				4724638B21E593B90091068F /* Debug */,
				4724638C21E593B90091068F /* Release */,
			);
			defaultConfigurationIsVisible = 0;
			defaultConfigurationName = Release;
		};
		4724638D21E593B90091068F /* Build configuration list for PBXNativeTarget "Expand_Cell" */ = {
			isa = XCConfigurationList;
			buildConfigurations = (
				4724638E21E593B90091068F /* Debug */,
				4724638F21E593B90091068F /* Release */,
			);
			defaultConfigurationIsVisible = 0;
			defaultConfigurationName = Release;
		};
/* End XCConfigurationList section */
	};
	rootObject = 4724637321E593B60091068F /* Project object */;
}
