// !$*UTF8*$!
{
	archiveVersion = 1;
	classes = {
	};
	objectVersion = 50;
	objects = {

/* Begin PBXBuildFile section */
		4734582A21DCA2EF00B479CF /* AppDelegate.swift in Sources */ = {isa = PBXBuildFile; fileRef = 4734582921DCA2EF00B479CF /* AppDelegate.swift */; };
		4734582C21DCA2EF00B479CF /* ViewController.swift in Sources */ = {isa = PBXBuildFile; fileRef = 4734582B21DCA2EF00B479CF /* ViewController.swift */; };
		4734582F21DCA2EF00B479CF /* Main.storyboard in Resources */ = {isa = PBXBuildFile; fileRef = 4734582D21DCA2EF00B479CF /* Main.storyboard */; };
		4734583121DCA2F200B479CF /* Assets.xcassets in Resources */ = {isa = PBXBuildFile; fileRef = 4734583021DCA2F200B479CF /* Assets.xcassets */; };
		4734583421DCA2F200B479CF /* LaunchScreen.storyboard in Resources */ = {isa = PBXBuildFile; fileRef = 4734583221DCA2F200B479CF /* LaunchScreen.storyboard */; };
		47F9DAAE21E199DA005FEBEE /* weatherMark1.png in Resources */ = {isa = PBXBuildFile; fileRef = 47F9DAAD21E199DA005FEBEE /* weatherMark1.png */; };
		47F9DAB221E19B55005FEBEE /* home300.png in Resources */ = {isa = PBXBuildFile; fileRef = 47F9DAAF21E19B54005FEBEE /* home300.png */; };
		47F9DAB321E19B55005FEBEE /* home50x50@2x.png in Resources */ = {isa = PBXBuildFile; fileRef = 47F9DAB021E19B54005FEBEE /* home50x50@2x.png */; };
		47F9DAB421E19B55005FEBEE /* home50x50@3x.png in Resources */ = {isa = PBXBuildFile; fileRef = 47F9DAB121E19B55005FEBEE /* home50x50@3x.png */; };
/* End PBXBuildFile section */

/* Begin PBXFileReference section */
		4734582621DCA2EF00B479CF /* Basic_20_Button_2_inset.app */ = {isa = PBXFileReference; explicitFileType = wrapper.application; includeInIndex = 0; path = Basic_20_Button_2_inset.app; sourceTree = BUILT_PRODUCTS_DIR; };
		4734582921DCA2EF00B479CF /* AppDelegate.swift */ = {isa = PBXFileReference; lastKnownFileType = sourcecode.swift; path = AppDelegate.swift; sourceTree = "<group>"; };
		4734582B21DCA2EF00B479CF /* ViewController.swift */ = {isa = PBXFileReference; lastKnownFileType = sourcecode.swift; path = ViewController.swift; sourceTree = "<group>"; };
		4734582E21DCA2EF00B479CF /* Base */ = {isa = PBXFileReference; lastKnownFileType = file.storyboard; name = Base; path = Base.lproj/Main.storyboard; sourceTree = "<group>"; };
		4734583021DCA2F200B479CF /* Assets.xcassets */ = {isa = PBXFileReference; lastKnownFileType = folder.assetcatalog; path = Assets.xcassets; sourceTree = "<group>"; };
		4734583321DCA2F200B479CF /* Base */ = {isa = PBXFileReference; lastKnownFileType = file.storyboard; name = Base; path = Base.lproj/LaunchScreen.storyboard; sourceTree = "<group>"; };
		4734583521DCA2F200B479CF /* Info.plist */ = {isa = PBXFileReference; lastKnownFileType = text.plist.xml; path = Info.plist; sourceTree = "<group>"; };
		47F9DAAD21E199DA005FEBEE /* weatherMark1.png */ = {isa = PBXFileReference; lastKnownFileType = image.png; name = weatherMark1.png; path = "../../../../../Desktop/레이아웃강의_이미지/weatherMark1.png"; sourceTree = "<group>"; };
		47F9DAAF21E19B54005FEBEE /* home300.png */ = {isa = PBXFileReference; lastKnownFileType = image.png; name = home300.png; path = "../../../../../Desktop/레이아웃강의_이미지/home300.png"; sourceTree = "<group>"; };
		47F9DAB021E19B54005FEBEE /* home50x50@2x.png */ = {isa = PBXFileReference; lastKnownFileType = image.png; name = "home50x50@2x.png"; path = "../../../../../Desktop/레이아웃강의_이미지/home50x50@2x.png"; sourceTree = "<group>"; };
		47F9DAB121E19B55005FEBEE /* home50x50@3x.png */ = {isa = PBXFileReference; lastKnownFileType = image.png; name = "home50x50@3x.png"; path = "../../../../../Desktop/레이아웃강의_이미지/home50x50@3x.png"; sourceTree = "<group>"; };
/* End PBXFileReference section */

/* Begin PBXFrameworksBuildPhase section */
		4734582321DCA2EF00B479CF /* Frameworks */ = {
			isa = PBXFrameworksBuildPhase;
			buildActionMask = 2147483647;
			files = (
			);
			runOnlyForDeploymentPostprocessing = 0;
		};
/* End PBXFrameworksBuildPhase section */

/* Begin PBXGroup section */
		4734581D21DCA2EF00B479CF = {
			isa = PBXGroup;
			children = (
				4734582821DCA2EF00B479CF /* Basic_20_Button_2_inset */,
				4734582721DCA2EF00B479CF /* Products */,
			);
			sourceTree = "<group>";
		};
		4734582721DCA2EF00B479CF /* Products */ = {
			isa = PBXGroup;
			children = (
				4734582621DCA2EF00B479CF /* Basic_20_Button_2_inset.app */,
			);
			name = Products;
			sourceTree = "<group>";
		};
		4734582821DCA2EF00B479CF /* Basic_20_Button_2_inset */ = {
			isa = PBXGroup;
			children = (
				4734582921DCA2EF00B479CF /* AppDelegate.swift */,
				4734582B21DCA2EF00B479CF /* ViewController.swift */,
				4734582D21DCA2EF00B479CF /* Main.storyboard */,
				4734583021DCA2F200B479CF /* Assets.xcassets */,
				47F9DAB021E19B54005FEBEE /* home50x50@2x.png */,
				47F9DAB121E19B55005FEBEE /* home50x50@3x.png */,
				47F9DAAF21E19B54005FEBEE /* home300.png */,
				47F9DAAD21E199DA005FEBEE /* weatherMark1.png */,
				4734583221DCA2F200B479CF /* LaunchScreen.storyboard */,
				4734583521DCA2F200B479CF /* Info.plist */,
			);
			path = Basic_20_Button_2_inset;
			sourceTree = "<group>";
		};
/* End PBXGroup section */

/* Begin PBXNativeTarget section */
		4734582521DCA2EF00B479CF /* Basic_20_Button_2_inset */ = {
			isa = PBXNativeTarget;
			buildConfigurationList = 4734583821DCA2F200B479CF /* Build configuration list for PBXNativeTarget "Basic_20_Button_2_inset" */;
			buildPhases = (
				4734582221DCA2EF00B479CF /* Sources */,
				4734582321DCA2EF00B479CF /* Frameworks */,
				4734582421DCA2EF00B479CF /* Resources */,
			);
			buildRules = (
			);
			dependencies = (
			);
			name = Basic_20_Button_2_inset;
			productName = Basic_20_Button_2_inset;
			productReference = 4734582621DCA2EF00B479CF /* Basic_20_Button_2_inset.app */;
			productType = "com.apple.product-type.application";
		};
/* End PBXNativeTarget section */

/* Begin PBXProject section */
		4734581E21DCA2EF00B479CF /* Project object */ = {
			isa = PBXProject;
			attributes = {
				LastSwiftUpdateCheck = 1010;
				LastUpgradeCheck = 1010;
				ORGANIZATIONNAME = "흠냐방구";
				TargetAttributes = {
					4734582521DCA2EF00B479CF = {
						CreatedOnToolsVersion = 10.1;
					};
				};
			};
			buildConfigurationList = 4734582121DCA2EF00B479CF /* Build configuration list for PBXProject "Basic_20_Button_2_inset" */;
			compatibilityVersion = "Xcode 9.3";
			developmentRegion = en;
			hasScannedForEncodings = 0;
			knownRegions = (
				en,
				Base,
			);
			mainGroup = 4734581D21DCA2EF00B479CF;
			productRefGroup = 4734582721DCA2EF00B479CF /* Products */;
			projectDirPath = "";
			projectRoot = "";
			targets = (
				4734582521DCA2EF00B479CF /* Basic_20_Button_2_inset */,
			);
		};
/* End PBXProject section */

/* Begin PBXResourcesBuildPhase section */
		4734582421DCA2EF00B479CF /* Resources */ = {
			isa = PBXResourcesBuildPhase;
			buildActionMask = 2147483647;
			files = (
				4734583421DCA2F200B479CF /* LaunchScreen.storyboard in Resources */,
				4734583121DCA2F200B479CF /* Assets.xcassets in Resources */,
				47F9DAB321E19B55005FEBEE /* home50x50@2x.png in Resources */,
				4734582F21DCA2EF00B479CF /* Main.storyboard in Resources */,
				47F9DAB421E19B55005FEBEE /* home50x50@3x.png in Resources */,
				47F9DAAE21E199DA005FEBEE /* weatherMark1.png in Resources */,
				47F9DAB221E19B55005FEBEE /* home300.png in Resources */,
			);
			runOnlyForDeploymentPostprocessing = 0;
		};
/* End PBXResourcesBuildPhase section */

/* Begin PBXSourcesBuildPhase section */
		4734582221DCA2EF00B479CF /* Sources */ = {
			isa = PBXSourcesBuildPhase;
			buildActionMask = 2147483647;
			files = (
				4734582C21DCA2EF00B479CF /* ViewController.swift in Sources */,
				4734582A21DCA2EF00B479CF /* AppDelegate.swift in Sources */,
			);
			runOnlyForDeploymentPostprocessing = 0;
		};
/* End PBXSourcesBuildPhase section */

/* Begin PBXVariantGroup section */
		4734582D21DCA2EF00B479CF /* Main.storyboard */ = {
			isa = PBXVariantGroup;
			children = (
				4734582E21DCA2EF00B479CF /* Base */,
			);
			name = Main.storyboard;
			sourceTree = "<group>";
		};
		4734583221DCA2F200B479CF /* LaunchScreen.storyboard */ = {
			isa = PBXVariantGroup;
			children = (
				4734583321DCA2F200B479CF /* Base */,
			);
			name = LaunchScreen.storyboard;
			sourceTree = "<group>";
		};
/* End PBXVariantGroup section */

/* Begin XCBuildConfiguration section */
		4734583621DCA2F200B479CF /* Debug */ = {
			isa = XCBuildConfiguration;
			buildSettings = {
				ALWAYS_SEARCH_USER_PATHS = NO;
				CLANG_ANALYZER_NONNULL = YES;
				CLANG_ANALYZER_NUMBER_OBJECT_CONVERSION = YES_AGGRESSIVE;
				CLANG_CXX_LANGUAGE_STANDARD = "gnu++14";
				CLANG_CXX_LIBRARY = "libc++";
				CLANG_ENABLE_MODULES = YES;
				CLANG_ENABLE_OBJC_ARC = YES;
				CLANG_ENABLE_OBJC_WEAK = YES;
				CLANG_WARN_BLOCK_CAPTURE_AUTORELEASING = YES;
				CLANG_WARN_BOOL_CONVERSION = YES;
				CLANG_WARN_COMMA = YES;
				CLANG_WARN_CONSTANT_CONVERSION = YES;
				CLANG_WARN_DEPRECATED_OBJC_IMPLEMENTATIONS = YES;
				CLANG_WARN_DIRECT_OBJC_ISA_USAGE = YES_ERROR;
				CLANG_WARN_DOCUMENTATION_COMMENTS = YES;
				CLANG_WARN_EMPTY_BODY = YES;
				CLANG_WARN_ENUM_CONVERSION = YES;
				CLANG_WARN_INFINITE_RECURSION = YES;
				CLANG_WARN_INT_CONVERSION = YES;
				CLANG_WARN_NON_LITERAL_NULL_CONVERSION = YES;
				CLANG_WARN_OBJC_IMPLICIT_RETAIN_SELF = YES;
				CLANG_WARN_OBJC_LITERAL_CONVERSION = YES;
				CLANG_WARN_OBJC_ROOT_CLASS = YES_ERROR;
				CLANG_WARN_RANGE_LOOP_ANALYSIS = YES;
				CLANG_WARN_STRICT_PROTOTYPES = YES;
				CLANG_WARN_SUSPICIOUS_MOVE = YES;
				CLANG_WARN_UNGUARDED_AVAILABILITY = YES_AGGRESSIVE;
				CLANG_WARN_UNREACHABLE_CODE = YES;
				CLANG_WARN__DUPLICATE_METHOD_MATCH = YES;
				CODE_SIGN_IDENTITY = "iPhone Developer";
				COPY_PHASE_STRIP = NO;
				DEBUG_INFORMATION_FORMAT = dwarf;
				ENABLE_STRICT_OBJC_MSGSEND = YES;
				ENABLE_TESTABILITY = YES;
				GCC_C_LANGUAGE_STANDARD = gnu11;
				GCC_DYNAMIC_NO_PIC = NO;
				GCC_NO_COMMON_BLOCKS = YES;
				GCC_OPTIMIZATION_LEVEL = 0;
				GCC_PREPROCESSOR_DEFINITIONS = (
					"DEBUG=1",
					"$(inherited)",
				);
				GCC_WARN_64_TO_32_BIT_CONVERSION = YES;
				GCC_WARN_ABOUT_RETURN_TYPE = YES_ERROR;
				GCC_WARN_UNDECLARED_SELECTOR = YES;
				GCC_WARN_UNINITIALIZED_AUTOS = YES_AGGRESSIVE;
				GCC_WARN_UNUSED_FUNCTION = YES;
				GCC_WARN_UNUSED_VARIABLE = YES;
				IPHONEOS_DEPLOYMENT_TARGET = 12.1;
				MTL_ENABLE_DEBUG_INFO = INCLUDE_SOURCE;
				MTL_FAST_MATH = YES;
				ONLY_ACTIVE_ARCH = YES;
				SDKROOT = iphoneos;
				SWIFT_ACTIVE_COMPILATION_CONDITIONS = DEBUG;
				SWIFT_OPTIMIZATION_LEVEL = "-Onone";
			};
			name = Debug;
		};
		4734583721DCA2F200B479CF /* Release */ = {
			isa = XCBuildConfiguration;
			buildSettings = {
				ALWAYS_SEARCH_USER_PATHS = NO;
				CLANG_ANALYZER_NONNULL = YES;
				CLANG_ANALYZER_NUMBER_OBJECT_CONVERSION = YES_AGGRESSIVE;
				CLANG_CXX_LANGUAGE_STANDARD = "gnu++14";
				CLANG_CXX_LIBRARY = "libc++";
				CLANG_ENABLE_MODULES = YES;
				CLANG_ENABLE_OBJC_ARC = YES;
				CLANG_ENABLE_OBJC_WEAK = YES;
				CLANG_WARN_BLOCK_CAPTURE_AUTORELEASING = YES;
				CLANG_WARN_BOOL_CONVERSION = YES;
				CLANG_WARN_COMMA = YES;
				CLANG_WARN_CONSTANT_CONVERSION = YES;
				CLANG_WARN_DEPRECATED_OBJC_IMPLEMENTATIONS = YES;
				CLANG_WARN_DIRECT_OBJC_ISA_USAGE = YES_ERROR;
				CLANG_WARN_DOCUMENTATION_COMMENTS = YES;
				CLANG_WARN_EMPTY_BODY = YES;
				CLANG_WARN_ENUM_CONVERSION = YES;
				CLANG_WARN_INFINITE_RECURSION = YES;
				CLANG_WARN_INT_CONVERSION = YES;
				CLANG_WARN_NON_LITERAL_NULL_CONVERSION = YES;
				CLANG_WARN_OBJC_IMPLICIT_RETAIN_SELF = YES;
				CLANG_WARN_OBJC_LITERAL_CONVERSION = YES;
				CLANG_WARN_OBJC_ROOT_CLASS = YES_ERROR;
				CLANG_WARN_RANGE_LOOP_ANALYSIS = YES;
				CLANG_WARN_STRICT_PROTOTYPES = YES;
				CLANG_WARN_SUSPICIOUS_MOVE = YES;
				CLANG_WARN_UNGUARDED_AVAILABILITY = YES_AGGRESSIVE;
				CLANG_WARN_UNREACHABLE_CODE = YES;
				CLANG_WARN__DUPLICATE_METHOD_MATCH = YES;
				CODE_SIGN_IDENTITY = "iPhone Developer";
				COPY_PHASE_STRIP = NO;
				DEBUG_INFORMATION_FORMAT = "dwarf-with-dsym";
				ENABLE_NS_ASSERTIONS = NO;
				ENABLE_STRICT_OBJC_MSGSEND = YES;
				GCC_C_LANGUAGE_STANDARD = gnu11;
				GCC_NO_COMMON_BLOCKS = YES;
				GCC_WARN_64_TO_32_BIT_CONVERSION = YES;
				GCC_WARN_ABOUT_RETURN_TYPE = YES_ERROR;
				GCC_WARN_UNDECLARED_SELECTOR = YES;
				GCC_WARN_UNINITIALIZED_AUTOS = YES_AGGRESSIVE;
				GCC_WARN_UNUSED_FUNCTION = YES;
				GCC_WARN_UNUSED_VARIABLE = YES;
				IPHONEOS_DEPLOYMENT_TARGET = 12.1;
				MTL_ENABLE_DEBUG_INFO = NO;
				MTL_FAST_MATH = YES;
				SDKROOT = iphoneos;
				SWIFT_COMPILATION_MODE = wholemodule;
				SWIFT_OPTIMIZATION_LEVEL = "-O";
				VALIDATE_PRODUCT = YES;
			};
			name = Release;
		};
		4734583921DCA2F200B479CF /* Debug */ = {
			isa = XCBuildConfiguration;
			buildSettings = {
				ASSETCATALOG_COMPILER_APPICON_NAME = AppIcon;
				CODE_SIGN_STYLE = Automatic;
				DEVELOPMENT_TEAM = K97249KR63;
				INFOPLIST_FILE = Basic_20_Button_2_inset/Info.plist;
				LD_RUNPATH_SEARCH_PATHS = (
					"$(inherited)",
					"@executable_path/Frameworks",
				);
				PRODUCT_BUNDLE_IDENTIFIER = "bnkim.Basic-20-Button-2-inset";
				PRODUCT_NAME = "$(TARGET_NAME)";
				SWIFT_VERSION = 4.2;
				TARGETED_DEVICE_FAMILY = "1,2";
			};
			name = Debug;
		};
		4734583A21DCA2F200B479CF /* Release */ = {
			isa = XCBuildConfiguration;
			buildSettings = {
				ASSETCATALOG_COMPILER_APPICON_NAME = AppIcon;
				CODE_SIGN_STYLE = Automatic;
				DEVELOPMENT_TEAM = K97249KR63;
				INFOPLIST_FILE = Basic_20_Button_2_inset/Info.plist;
				LD_RUNPATH_SEARCH_PATHS = (
					"$(inherited)",
					"@executable_path/Frameworks",
				);
				PRODUCT_BUNDLE_IDENTIFIER = "bnkim.Basic-20-Button-2-inset";
				PRODUCT_NAME = "$(TARGET_NAME)";
				SWIFT_VERSION = 4.2;
				TARGETED_DEVICE_FAMILY = "1,2";
			};
			name = Release;
		};
/* End XCBuildConfiguration section */

/* Begin XCConfigurationList section */
		4734582121DCA2EF00B479CF /* Build configuration list for PBXProject "Basic_20_Button_2_inset" */ = {
			isa = XCConfigurationList;
			buildConfigurations = (
				4734583621DCA2F200B479CF /* Debug */,
				4734583721DCA2F200B479CF /* Release */,
			);
			defaultConfigurationIsVisible = 0;
			defaultConfigurationName = Release;
		};
		4734583821DCA2F200B479CF /* Build configuration list for PBXNativeTarget "Basic_20_Button_2_inset" */ = {
			isa = XCConfigurationList;
			buildConfigurations = (
				4734583921DCA2F200B479CF /* Debug */,
				4734583A21DCA2F200B479CF /* Release */,
			);
			defaultConfigurationIsVisible = 0;
			defaultConfigurationName = Release;
		};
/* End XCConfigurationList section */
	};
	rootObject = 4734581E21DCA2EF00B479CF /* Project object */;
}
