// !$*UTF8*$!
{
	archiveVersion = 1;
	classes = {
	};
	objectVersion = 50;
	objects = {

/* Begin PBXBuildFile section */
		4717ADBC21E35D31009FBBB8 /* AppDelegate.swift in Sources */ = {isa = PBXBuildFile; fileRef = 4717ADBB21E35D31009FBBB8 /* AppDelegate.swift */; };
		4717ADBE21E35D31009FBBB8 /* ViewController.swift in Sources */ = {isa = PBXBuildFile; fileRef = 4717ADBD21E35D31009FBBB8 /* ViewController.swift */; };
		4717ADC121E35D31009FBBB8 /* Main.storyboard in Resources */ = {isa = PBXBuildFile; fileRef = 4717ADBF21E35D31009FBBB8 /* Main.storyboard */; };
		4717ADC321E35D33009FBBB8 /* Assets.xcassets in Resources */ = {isa = PBXBuildFile; fileRef = 4717ADC221E35D33009FBBB8 /* Assets.xcassets */; };
		4717ADC621E35D33009FBBB8 /* LaunchScreen.storyboard in Resources */ = {isa = PBXBuildFile; fileRef = 4717ADC421E35D33009FBBB8 /* LaunchScreen.storyboard */; };
		4717ADCF21E35D67009FBBB8 /* Cert_BG.PNG in Resources */ = {isa = PBXBuildFile; fileRef = 4717ADCD21E35D67009FBBB8 /* Cert_BG.PNG */; };
		4717ADD021E35D67009FBBB8 /* Cert_Sample.PNG in Resources */ = {isa = PBXBuildFile; fileRef = 4717ADCE21E35D67009FBBB8 /* Cert_Sample.PNG */; };
/* End PBXBuildFile section */

/* Begin PBXFileReference section */
		4717ADB821E35D31009FBBB8 /* Dynamic Font_연습.app */ = {isa = PBXFileReference; explicitFileType = wrapper.application; includeInIndex = 0; path = "Dynamic Font_연습.app"; sourceTree = BUILT_PRODUCTS_DIR; };
		4717ADBB21E35D31009FBBB8 /* AppDelegate.swift */ = {isa = PBXFileReference; lastKnownFileType = sourcecode.swift; path = AppDelegate.swift; sourceTree = "<group>"; };
		4717ADBD21E35D31009FBBB8 /* ViewController.swift */ = {isa = PBXFileReference; lastKnownFileType = sourcecode.swift; path = ViewController.swift; sourceTree = "<group>"; };
		4717ADC021E35D31009FBBB8 /* Base */ = {isa = PBXFileReference; lastKnownFileType = file.storyboard; name = Base; path = Base.lproj/Main.storyboard; sourceTree = "<group>"; };
		4717ADC221E35D33009FBBB8 /* Assets.xcassets */ = {isa = PBXFileReference; lastKnownFileType = folder.assetcatalog; path = Assets.xcassets; sourceTree = "<group>"; };
		4717ADC521E35D33009FBBB8 /* Base */ = {isa = PBXFileReference; lastKnownFileType = file.storyboard; name = Base; path = Base.lproj/LaunchScreen.storyboard; sourceTree = "<group>"; };
		4717ADC721E35D33009FBBB8 /* Info.plist */ = {isa = PBXFileReference; lastKnownFileType = text.plist.xml; path = Info.plist; sourceTree = "<group>"; };
		4717ADCD21E35D67009FBBB8 /* Cert_BG.PNG */ = {isa = PBXFileReference; lastKnownFileType = image.png; name = Cert_BG.PNG; path = "../../../../../Desktop/레이아웃강의_이미지/Cert_BG.PNG"; sourceTree = "<group>"; };
		4717ADCE21E35D67009FBBB8 /* Cert_Sample.PNG */ = {isa = PBXFileReference; lastKnownFileType = image.png; name = Cert_Sample.PNG; path = "../../../../../Desktop/레이아웃강의_이미지/Cert_Sample.PNG"; sourceTree = "<group>"; };
/* End PBXFileReference section */

/* Begin PBXFrameworksBuildPhase section */
		4717ADB521E35D31009FBBB8 /* Frameworks */ = {
			isa = PBXFrameworksBuildPhase;
			buildActionMask = 2147483647;
			files = (
			);
			runOnlyForDeploymentPostprocessing = 0;
		};
/* End PBXFrameworksBuildPhase section */

/* Begin PBXGroup section */
		4717ADAF21E35D31009FBBB8 = {
			isa = PBXGroup;
			children = (
				4717ADBA21E35D31009FBBB8 /* Dynamic Font_연습 */,
				4717ADB921E35D31009FBBB8 /* Products */,
			);
			sourceTree = "<group>";
		};
		4717ADB921E35D31009FBBB8 /* Products */ = {
			isa = PBXGroup;
			children = (
				4717ADB821E35D31009FBBB8 /* Dynamic Font_연습.app */,
			);
			name = Products;
			sourceTree = "<group>";
		};
		4717ADBA21E35D31009FBBB8 /* Dynamic Font_연습 */ = {
			isa = PBXGroup;
			children = (
				4717ADBB21E35D31009FBBB8 /* AppDelegate.swift */,
				4717ADBD21E35D31009FBBB8 /* ViewController.swift */,
				4717ADBF21E35D31009FBBB8 /* Main.storyboard */,
				4717ADC221E35D33009FBBB8 /* Assets.xcassets */,
				4717ADCD21E35D67009FBBB8 /* Cert_BG.PNG */,
				4717ADCE21E35D67009FBBB8 /* Cert_Sample.PNG */,
				4717ADC421E35D33009FBBB8 /* LaunchScreen.storyboard */,
				4717ADC721E35D33009FBBB8 /* Info.plist */,
			);
			path = "Dynamic Font_연습";
			sourceTree = "<group>";
		};
/* End PBXGroup section */

/* Begin PBXNativeTarget section */
		4717ADB721E35D31009FBBB8 /* Dynamic Font_연습 */ = {
			isa = PBXNativeTarget;
			buildConfigurationList = 4717ADCA21E35D33009FBBB8 /* Build configuration list for PBXNativeTarget "Dynamic Font_연습" */;
			buildPhases = (
				4717ADB421E35D31009FBBB8 /* Sources */,
				4717ADB521E35D31009FBBB8 /* Frameworks */,
				4717ADB621E35D31009FBBB8 /* Resources */,
			);
			buildRules = (
			);
			dependencies = (
			);
			name = "Dynamic Font_연습";
			productName = "Dynamic Font_연습";
			productReference = 4717ADB821E35D31009FBBB8 /* Dynamic Font_연습.app */;
			productType = "com.apple.product-type.application";
		};
/* End PBXNativeTarget section */

/* Begin PBXProject section */
		4717ADB021E35D31009FBBB8 /* Project object */ = {
			isa = PBXProject;
			attributes = {
				LastSwiftUpdateCheck = 1010;
				LastUpgradeCheck = 1010;
				ORGANIZATIONNAME = "흠냐방구";
				TargetAttributes = {
					4717ADB721E35D31009FBBB8 = {
						CreatedOnToolsVersion = 10.1;
					};
				};
			};
			buildConfigurationList = 4717ADB321E35D31009FBBB8 /* Build configuration list for PBXProject "Dynamic Font_연습" */;
			compatibilityVersion = "Xcode 9.3";
			developmentRegion = en;
			hasScannedForEncodings = 0;
			knownRegions = (
				en,
				Base,
			);
			mainGroup = 4717ADAF21E35D31009FBBB8;
			productRefGroup = 4717ADB921E35D31009FBBB8 /* Products */;
			projectDirPath = "";
			projectRoot = "";
			targets = (
				4717ADB721E35D31009FBBB8 /* Dynamic Font_연습 */,
			);
		};
/* End PBXProject section */

/* Begin PBXResourcesBuildPhase section */
		4717ADB621E35D31009FBBB8 /* Resources */ = {
			isa = PBXResourcesBuildPhase;
			buildActionMask = 2147483647;
			files = (
				4717ADD021E35D67009FBBB8 /* Cert_Sample.PNG in Resources */,
				4717ADCF21E35D67009FBBB8 /* Cert_BG.PNG in Resources */,
				4717ADC621E35D33009FBBB8 /* LaunchScreen.storyboard in Resources */,
				4717ADC321E35D33009FBBB8 /* Assets.xcassets in Resources */,
				4717ADC121E35D31009FBBB8 /* Main.storyboard in Resources */,
			);
			runOnlyForDeploymentPostprocessing = 0;
		};
/* End PBXResourcesBuildPhase section */

/* Begin PBXSourcesBuildPhase section */
		4717ADB421E35D31009FBBB8 /* Sources */ = {
			isa = PBXSourcesBuildPhase;
			buildActionMask = 2147483647;
			files = (
				4717ADBE21E35D31009FBBB8 /* ViewController.swift in Sources */,
				4717ADBC21E35D31009FBBB8 /* AppDelegate.swift in Sources */,
			);
			runOnlyForDeploymentPostprocessing = 0;
		};
/* End PBXSourcesBuildPhase section */

/* Begin PBXVariantGroup section */
		4717ADBF21E35D31009FBBB8 /* Main.storyboard */ = {
			isa = PBXVariantGroup;
			children = (
				4717ADC021E35D31009FBBB8 /* Base */,
			);
			name = Main.storyboard;
			sourceTree = "<group>";
		};
		4717ADC421E35D33009FBBB8 /* LaunchScreen.storyboard */ = {
			isa = PBXVariantGroup;
			children = (
				4717ADC521E35D33009FBBB8 /* Base */,
			);
			name = LaunchScreen.storyboard;
			sourceTree = "<group>";
		};
/* End PBXVariantGroup section */

/* Begin XCBuildConfiguration section */
		4717ADC821E35D33009FBBB8 /* Debug */ = {
			isa = XCBuildConfiguration;
			buildSettings = {
				ALWAYS_SEARCH_USER_PATHS = NO;
				CLANG_ANALYZER_NONNULL = YES;
				CLANG_ANALYZER_NUMBER_OBJECT_CONVERSION = YES_AGGRESSIVE;
				CLANG_CXX_LANGUAGE_STANDARD = "gnu++14";
				CLANG_CXX_LIBRARY = "libc++";
				CLANG_ENABLE_MODULES = YES;
				CLANG_ENABLE_OBJC_ARC = YES;
				CLANG_ENABLE_OBJC_WEAK = YES;
				CLANG_WARN_BLOCK_CAPTURE_AUTORELEASING = YES;
				CLANG_WARN_BOOL_CONVERSION = YES;
				CLANG_WARN_COMMA = YES;
				CLANG_WARN_CONSTANT_CONVERSION = YES;
				CLANG_WARN_DEPRECATED_OBJC_IMPLEMENTATIONS = YES;
				CLANG_WARN_DIRECT_OBJC_ISA_USAGE = YES_ERROR;
				CLANG_WARN_DOCUMENTATION_COMMENTS = YES;
				CLANG_WARN_EMPTY_BODY = YES;
				CLANG_WARN_ENUM_CONVERSION = YES;
				CLANG_WARN_INFINITE_RECURSION = YES;
				CLANG_WARN_INT_CONVERSION = YES;
				CLANG_WARN_NON_LITERAL_NULL_CONVERSION = YES;
				CLANG_WARN_OBJC_IMPLICIT_RETAIN_SELF = YES;
				CLANG_WARN_OBJC_LITERAL_CONVERSION = YES;
				CLANG_WARN_OBJC_ROOT_CLASS = YES_ERROR;
				CLANG_WARN_RANGE_LOOP_ANALYSIS = YES;
				CLANG_WARN_STRICT_PROTOTYPES = YES;
				CLANG_WARN_SUSPICIOUS_MOVE = YES;
				CLANG_WARN_UNGUARDED_AVAILABILITY = YES_AGGRESSIVE;
				CLANG_WARN_UNREACHABLE_CODE = YES;
				CLANG_WARN__DUPLICATE_METHOD_MATCH = YES;
				CODE_SIGN_IDENTITY = "iPhone Developer";
				COPY_PHASE_STRIP = NO;
				DEBUG_INFORMATION_FORMAT = dwarf;
				ENABLE_STRICT_OBJC_MSGSEND = YES;
				ENABLE_TESTABILITY = YES;
				GCC_C_LANGUAGE_STANDARD = gnu11;
				GCC_DYNAMIC_NO_PIC = NO;
				GCC_NO_COMMON_BLOCKS = YES;
				GCC_OPTIMIZATION_LEVEL = 0;
				GCC_PREPROCESSOR_DEFINITIONS = (
					"DEBUG=1",
					"$(inherited)",
				);
				GCC_WARN_64_TO_32_BIT_CONVERSION = YES;
				GCC_WARN_ABOUT_RETURN_TYPE = YES_ERROR;
				GCC_WARN_UNDECLARED_SELECTOR = YES;
				GCC_WARN_UNINITIALIZED_AUTOS = YES_AGGRESSIVE;
				GCC_WARN_UNUSED_FUNCTION = YES;
				GCC_WARN_UNUSED_VARIABLE = YES;
				IPHONEOS_DEPLOYMENT_TARGET = 12.1;
				MTL_ENABLE_DEBUG_INFO = INCLUDE_SOURCE;
				MTL_FAST_MATH = YES;
				ONLY_ACTIVE_ARCH = YES;
				SDKROOT = iphoneos;
				SWIFT_ACTIVE_COMPILATION_CONDITIONS = DEBUG;
				SWIFT_OPTIMIZATION_LEVEL = "-Onone";
			};
			name = Debug;
		};
		4717ADC921E35D33009FBBB8 /* Release */ = {
			isa = XCBuildConfiguration;
			buildSettings = {
				ALWAYS_SEARCH_USER_PATHS = NO;
				CLANG_ANALYZER_NONNULL = YES;
				CLANG_ANALYZER_NUMBER_OBJECT_CONVERSION = YES_AGGRESSIVE;
				CLANG_CXX_LANGUAGE_STANDARD = "gnu++14";
				CLANG_CXX_LIBRARY = "libc++";
				CLANG_ENABLE_MODULES = YES;
				CLANG_ENABLE_OBJC_ARC = YES;
				CLANG_ENABLE_OBJC_WEAK = YES;
				CLANG_WARN_BLOCK_CAPTURE_AUTORELEASING = YES;
				CLANG_WARN_BOOL_CONVERSION = YES;
				CLANG_WARN_COMMA = YES;
				CLANG_WARN_CONSTANT_CONVERSION = YES;
				CLANG_WARN_DEPRECATED_OBJC_IMPLEMENTATIONS = YES;
				CLANG_WARN_DIRECT_OBJC_ISA_USAGE = YES_ERROR;
				CLANG_WARN_DOCUMENTATION_COMMENTS = YES;
				CLANG_WARN_EMPTY_BODY = YES;
				CLANG_WARN_ENUM_CONVERSION = YES;
				CLANG_WARN_INFINITE_RECURSION = YES;
				CLANG_WARN_INT_CONVERSION = YES;
				CLANG_WARN_NON_LITERAL_NULL_CONVERSION = YES;
				CLANG_WARN_OBJC_IMPLICIT_RETAIN_SELF = YES;
				CLANG_WARN_OBJC_LITERAL_CONVERSION = YES;
				CLANG_WARN_OBJC_ROOT_CLASS = YES_ERROR;
				CLANG_WARN_RANGE_LOOP_ANALYSIS = YES;
				CLANG_WARN_STRICT_PROTOTYPES = YES;
				CLANG_WARN_SUSPICIOUS_MOVE = YES;
				CLANG_WARN_UNGUARDED_AVAILABILITY = YES_AGGRESSIVE;
				CLANG_WARN_UNREACHABLE_CODE = YES;
				CLANG_WARN__DUPLICATE_METHOD_MATCH = YES;
				CODE_SIGN_IDENTITY = "iPhone Developer";
				COPY_PHASE_STRIP = NO;
				DEBUG_INFORMATION_FORMAT = "dwarf-with-dsym";
				ENABLE_NS_ASSERTIONS = NO;
				ENABLE_STRICT_OBJC_MSGSEND = YES;
				GCC_C_LANGUAGE_STANDARD = gnu11;
				GCC_NO_COMMON_BLOCKS = YES;
				GCC_WARN_64_TO_32_BIT_CONVERSION = YES;
				GCC_WARN_ABOUT_RETURN_TYPE = YES_ERROR;
				GCC_WARN_UNDECLARED_SELECTOR = YES;
				GCC_WARN_UNINITIALIZED_AUTOS = YES_AGGRESSIVE;
				GCC_WARN_UNUSED_FUNCTION = YES;
				GCC_WARN_UNUSED_VARIABLE = YES;
				IPHONEOS_DEPLOYMENT_TARGET = 12.1;
				MTL_ENABLE_DEBUG_INFO = NO;
				MTL_FAST_MATH = YES;
				SDKROOT = iphoneos;
				SWIFT_COMPILATION_MODE = wholemodule;
				SWIFT_OPTIMIZATION_LEVEL = "-O";
				VALIDATE_PRODUCT = YES;
			};
			name = Release;
		};
		4717ADCB21E35D33009FBBB8 /* Debug */ = {
			isa = XCBuildConfiguration;
			buildSettings = {
				ASSETCATALOG_COMPILER_APPICON_NAME = AppIcon;
				CODE_SIGN_STYLE = Automatic;
				DEVELOPMENT_TEAM = K97249KR63;
				INFOPLIST_FILE = "Dynamic Font_연습/Info.plist";
				LD_RUNPATH_SEARCH_PATHS = (
					"$(inherited)",
					"@executable_path/Frameworks",
				);
				PRODUCT_BUNDLE_IDENTIFIER = "bnkim.Dynamic-Font-------";
				PRODUCT_NAME = "$(TARGET_NAME)";
				SWIFT_VERSION = 4.2;
				TARGETED_DEVICE_FAMILY = "1,2";
			};
			name = Debug;
		};
		4717ADCC21E35D33009FBBB8 /* Release */ = {
			isa = XCBuildConfiguration;
			buildSettings = {
				ASSETCATALOG_COMPILER_APPICON_NAME = AppIcon;
				CODE_SIGN_STYLE = Automatic;
				DEVELOPMENT_TEAM = K97249KR63;
				INFOPLIST_FILE = "Dynamic Font_연습/Info.plist";
				LD_RUNPATH_SEARCH_PATHS = (
					"$(inherited)",
					"@executable_path/Frameworks",
				);
				PRODUCT_BUNDLE_IDENTIFIER = "bnkim.Dynamic-Font-------";
				PRODUCT_NAME = "$(TARGET_NAME)";
				SWIFT_VERSION = 4.2;
				TARGETED_DEVICE_FAMILY = "1,2";
			};
			name = Release;
		};
/* End XCBuildConfiguration section */

/* Begin XCConfigurationList section */
		4717ADB321E35D31009FBBB8 /* Build configuration list for PBXProject "Dynamic Font_연습" */ = {
			isa = XCConfigurationList;
			buildConfigurations = (
				4717ADC821E35D33009FBBB8 /* Debug */,
				4717ADC921E35D33009FBBB8 /* Release */,
			);
			defaultConfigurationIsVisible = 0;
			defaultConfigurationName = Release;
		};
		4717ADCA21E35D33009FBBB8 /* Build configuration list for PBXNativeTarget "Dynamic Font_연습" */ = {
			isa = XCConfigurationList;
			buildConfigurations = (
				4717ADCB21E35D33009FBBB8 /* Debug */,
				4717ADCC21E35D33009FBBB8 /* Release */,
			);
			defaultConfigurationIsVisible = 0;
			defaultConfigurationName = Release;
		};
/* End XCConfigurationList section */
	};
	rootObject = 4717ADB021E35D31009FBBB8 /* Project object */;
}
